// !$*UTF8*$!
{
	archiveVersion = 1;
	classes = {
	};
	objectVersion = 52;
	objects = {

/* Begin PBXBuildFile section */
		20869D8C262E105800E2F148 /* AppDelegate.swift in Sources */ = {isa = PBXBuildFile; fileRef = 20869D8B262E105800E2F148 /* AppDelegate.swift */; };
		20869D8E262E105800E2F148 /* SceneDelegate.swift in Sources */ = {isa = PBXBuildFile; fileRef = 20869D8D262E105800E2F148 /* SceneDelegate.swift */; };
		20869D90262E105800E2F148 /* MainImagesVC.swift in Sources */ = {isa = PBXBuildFile; fileRef = 20869D8F262E105800E2F148 /* MainImagesVC.swift */; };
		20869D95262E105A00E2F148 /* Assets.xcassets in Resources */ = {isa = PBXBuildFile; fileRef = 20869D94262E105A00E2F148 /* Assets.xcassets */; };
		20869D98262E105A00E2F148 /* LaunchScreen.storyboard in Resources */ = {isa = PBXBuildFile; fileRef = 20869D96262E105A00E2F148 /* LaunchScreen.storyboard */; };
		20869DAE262E105A00E2F148 /* FlickImagesUITests.swift in Sources */ = {isa = PBXBuildFile; fileRef = 20869DAD262E105A00E2F148 /* FlickImagesUITests.swift */; };
		20869DD6262EC73800E2F148 /* PhotosModel.swift in Sources */ = {isa = PBXBuildFile; fileRef = 20869DD5262EC73800E2F148 /* PhotosModel.swift */; };
		20869DDC262EC7CB00E2F148 /* PhotosListViewModel.swift in Sources */ = {isa = PBXBuildFile; fileRef = 20869DDB262EC7CB00E2F148 /* PhotosListViewModel.swift */; };
		20869DE5262ECE0D00E2F148 /* NetworkService.swift in Sources */ = {isa = PBXBuildFile; fileRef = 20869DE4262ECE0D00E2F148 /* NetworkService.swift */; };
		20869DED2630A53F00E2F148 /* PhotoCell.swift in Sources */ = {isa = PBXBuildFile; fileRef = 20869DEC2630A53F00E2F148 /* PhotoCell.swift */; };
		20869DF32630A5C100E2F148 /* FlickrImageView.swift in Sources */ = {isa = PBXBuildFile; fileRef = 20869DF22630A5C100E2F148 /* FlickrImageView.swift */; };
		20869E042630B1A000E2F148 /* NetworkErrors.swift in Sources */ = {isa = PBXBuildFile; fileRef = 20869E032630B1A000E2F148 /* NetworkErrors.swift */; };
		20869E102630C16500E2F148 /* FITitleLabel.swift in Sources */ = {isa = PBXBuildFile; fileRef = 20869E0F2630C16500E2F148 /* FITitleLabel.swift */; };
		20869E162630C26E00E2F148 /* UIView+Extension.swift in Sources */ = {isa = PBXBuildFile; fileRef = 20869E152630C26E00E2F148 /* UIView+Extension.swift */; };
		20869E1F2630C81A00E2F148 /* UIHelper.swift in Sources */ = {isa = PBXBuildFile; fileRef = 20869E1E2630C81A00E2F148 /* UIHelper.swift */; };
		20869E2E2631643000E2F148 /* APIConstants+Key.swift in Sources */ = {isa = PBXBuildFile; fileRef = 20869E2D2631643000E2F148 /* APIConstants+Key.swift */; };
		20869E3E26316DFE00E2F148 /* FlickrService.swift in Sources */ = {isa = PBXBuildFile; fileRef = 20869E3D26316DFE00E2F148 /* FlickrService.swift */; };
		20869E43263180E200E2F148 /* Constants.swift in Sources */ = {isa = PBXBuildFile; fileRef = 20869E42263180E200E2F148 /* Constants.swift */; };
		20869E482631AA3500E2F148 /* UIViewController+Extension.swift in Sources */ = {isa = PBXBuildFile; fileRef = 20869E472631AA3500E2F148 /* UIViewController+Extension.swift */; };
		208DEE3E2631BBCA005D63BC /* MainImagesVC+CollectionViewDelegate.swift in Sources */ = {isa = PBXBuildFile; fileRef = 208DEE3D2631BBCA005D63BC /* MainImagesVC+CollectionViewDelegate.swift */; };
		208DEE462631BC1F005D63BC /* MainImagesVC+SearchBarDelegate.swift in Sources */ = {isa = PBXBuildFile; fileRef = 208DEE452631BC1F005D63BC /* MainImagesVC+SearchBarDelegate.swift */; };
		208DEE522631D008005D63BC /* CategoriesVC.swift in Sources */ = {isa = PBXBuildFile; fileRef = 208DEE512631D008005D63BC /* CategoriesVC.swift */; };
		208DEE5A2631D11A005D63BC /* CategoriesModel.swift in Sources */ = {isa = PBXBuildFile; fileRef = 208DEE592631D11A005D63BC /* CategoriesModel.swift */; };
		208DEE5F2631D133005D63BC /* CategoriesViewModel.swift in Sources */ = {isa = PBXBuildFile; fileRef = 208DEE5E2631D133005D63BC /* CategoriesViewModel.swift */; };
		208DEE642631F983005D63BC /* CategoryCell.swift in Sources */ = {isa = PBXBuildFile; fileRef = 208DEE632631F983005D63BC /* CategoryCell.swift */; };
		208DEEA8263205C3005D63BC /* CategoryChildsVC.swift in Sources */ = {isa = PBXBuildFile; fileRef = 208DEEA7263205C3005D63BC /* CategoryChildsVC.swift */; };
		208DEEAD26320656005D63BC /* FIBaseTableVC.swift in Sources */ = {isa = PBXBuildFile; fileRef = 208DEEAC26320656005D63BC /* FIBaseTableVC.swift */; };
		208DEEB226321BBE005D63BC /* CategoryKeywordsVC.swift in Sources */ = {isa = PBXBuildFile; fileRef = 208DEEB126321BBE005D63BC /* CategoryKeywordsVC.swift */; };
		208DEEB9263293AD005D63BC /* Animals.swift in Sources */ = {isa = PBXBuildFile; fileRef = 208DEEB8263293AD005D63BC /* Animals.swift */; };
		208DEEC1263293D1005D63BC /* CategoryProtocols.swift in Sources */ = {isa = PBXBuildFile; fileRef = 208DEEC0263293D1005D63BC /* CategoryProtocols.swift */; };
		208DEEC72632945C005D63BC /* Food.swift in Sources */ = {isa = PBXBuildFile; fileRef = 208DEEC62632945C005D63BC /* Food.swift */; };
		208DEED026329AC1005D63BC /* Vehicle.swift in Sources */ = {isa = PBXBuildFile; fileRef = 208DEECF26329AC1005D63BC /* Vehicle.swift */; };
		208DEED926329C7B005D63BC /* Movie.swift in Sources */ = {isa = PBXBuildFile; fileRef = 208DEED826329C7B005D63BC /* Movie.swift */; };
		208DEEEB2632DBFA005D63BC /* CategoryChildsViewModel.swift in Sources */ = {isa = PBXBuildFile; fileRef = 208DEEEA2632DBFA005D63BC /* CategoryChildsViewModel.swift */; };
		208DEEF02632E168005D63BC /* CategoryKeywordsViewModel.swift in Sources */ = {isa = PBXBuildFile; fileRef = 208DEEEF2632E168005D63BC /* CategoryKeywordsViewModel.swift */; };
		208DEF0E263343B5005D63BC /* CategoriesDataSource.swift in Sources */ = {isa = PBXBuildFile; fileRef = 208DEF0D263343B5005D63BC /* CategoriesDataSource.swift */; };
		208DEF2C26341DE1005D63BC /* FlickrRestRequestModel.swift in Sources */ = {isa = PBXBuildFile; fileRef = 208DEF2B26341DE1005D63BC /* FlickrRestRequestModel.swift */; };
		208DEF3126341E4C005D63BC /* FlickrAPIMethod.swift in Sources */ = {isa = PBXBuildFile; fileRef = 208DEF3026341E4C005D63BC /* FlickrAPIMethod.swift */; };
		208DEF4826369119005D63BC /* FlickrRestRequest+Tests.swift in Sources */ = {isa = PBXBuildFile; fileRef = 208DEF4726369119005D63BC /* FlickrRestRequest+Tests.swift */; };
		208DEF5026369488005D63BC /* FlickrService+Tests.swift in Sources */ = {isa = PBXBuildFile; fileRef = 208DEF4F26369488005D63BC /* FlickrService+Tests.swift */; };
		208DEF552636A453005D63BC /* mockPhotosModel.json in Resources */ = {isa = PBXBuildFile; fileRef = 208DEF542636A452005D63BC /* mockPhotosModel.json */; platformFilter = ios; };
		208DEF662636AF83005D63BC /* PhotosListViewModel+Tests.swift in Sources */ = {isa = PBXBuildFile; fileRef = 208DEF652636AF83005D63BC /* PhotosListViewModel+Tests.swift */; };
		208DEF6F2636B3D0005D63BC /* CategoriesViewModel+Tests.swift in Sources */ = {isa = PBXBuildFile; fileRef = 208DEF6E2636B3D0005D63BC /* CategoriesViewModel+Tests.swift */; };
		208DEF772636B868005D63BC /* CategoryChildsViewModel+Tests.swift in Sources */ = {isa = PBXBuildFile; fileRef = 208DEF762636B868005D63BC /* CategoryChildsViewModel+Tests.swift */; };
		208DEF7C2636BAC7005D63BC /* CategoryKeywordsViewModel+Tests.swift in Sources */ = {isa = PBXBuildFile; fileRef = 208DEF7B2636BAC7005D63BC /* CategoryKeywordsViewModel+Tests.swift */; };
		208DEF8A2636CDE0005D63BC /* CategoriesDataSource+Tests.swift in Sources */ = {isa = PBXBuildFile; fileRef = 208DEF892636CDE0005D63BC /* CategoriesDataSource+Tests.swift */; };
		208DEF952637221D005D63BC /* CategoriesDataSourceProtocol.swift in Sources */ = {isa = PBXBuildFile; fileRef = 208DEF942637221D005D63BC /* CategoriesDataSourceProtocol.swift */; };
		208DEFA726372FCA005D63BC /* RestRequestProtocol.swift in Sources */ = {isa = PBXBuildFile; fileRef = 208DEFA626372FCA005D63BC /* RestRequestProtocol.swift */; };
		208DEFAF26373001005D63BC /* FlickrServiceProtocol.swift in Sources */ = {isa = PBXBuildFile; fileRef = 208DEFAE26373001005D63BC /* FlickrServiceProtocol.swift */; };
		208DEFBB26374614005D63BC /* HTTPMethods.swift in Sources */ = {isa = PBXBuildFile; fileRef = 208DEFBA26374614005D63BC /* HTTPMethods.swift */; };
/* End PBXBuildFile section */

/* Begin PBXContainerItemProxy section */
		20869D9F262E105A00E2F148 /* PBXContainerItemProxy */ = {
			isa = PBXContainerItemProxy;
			containerPortal = 20869D80262E105800E2F148 /* Project object */;
			proxyType = 1;
			remoteGlobalIDString = 20869D87262E105800E2F148;
			remoteInfo = FlickImages;
		};
		20869DAA262E105A00E2F148 /* PBXContainerItemProxy */ = {
			isa = PBXContainerItemProxy;
			containerPortal = 20869D80262E105800E2F148 /* Project object */;
			proxyType = 1;
			remoteGlobalIDString = 20869D87262E105800E2F148;
			remoteInfo = FlickImages;
		};
/* End PBXContainerItemProxy section */

/* Begin PBXFileReference section */
		20869D88262E105800E2F148 /* FlickImages.app */ = {isa = PBXFileReference; explicitFileType = wrapper.application; includeInIndex = 0; path = FlickImages.app; sourceTree = BUILT_PRODUCTS_DIR; };
		20869D8B262E105800E2F148 /* AppDelegate.swift */ = {isa = PBXFileReference; lastKnownFileType = sourcecode.swift; path = AppDelegate.swift; sourceTree = "<group>"; };
		20869D8D262E105800E2F148 /* SceneDelegate.swift */ = {isa = PBXFileReference; lastKnownFileType = sourcecode.swift; path = SceneDelegate.swift; sourceTree = "<group>"; };
		20869D8F262E105800E2F148 /* MainImagesVC.swift */ = {isa = PBXFileReference; lastKnownFileType = sourcecode.swift; path = MainImagesVC.swift; sourceTree = "<group>"; };
		20869D94262E105A00E2F148 /* Assets.xcassets */ = {isa = PBXFileReference; lastKnownFileType = folder.assetcatalog; path = Assets.xcassets; sourceTree = "<group>"; };
		20869D97262E105A00E2F148 /* Base */ = {isa = PBXFileReference; lastKnownFileType = file.storyboard; name = Base; path = Base.lproj/LaunchScreen.storyboard; sourceTree = "<group>"; };
		20869D99262E105A00E2F148 /* Info.plist */ = {isa = PBXFileReference; lastKnownFileType = text.plist.xml; path = Info.plist; sourceTree = "<group>"; };
		20869D9E262E105A00E2F148 /* FlickImagesTests.xctest */ = {isa = PBXFileReference; explicitFileType = wrapper.cfbundle; includeInIndex = 0; path = FlickImagesTests.xctest; sourceTree = BUILT_PRODUCTS_DIR; };
		20869DA4262E105A00E2F148 /* Info.plist */ = {isa = PBXFileReference; lastKnownFileType = text.plist.xml; path = Info.plist; sourceTree = "<group>"; };
		20869DA9262E105A00E2F148 /* FlickImagesUITests.xctest */ = {isa = PBXFileReference; explicitFileType = wrapper.cfbundle; includeInIndex = 0; path = FlickImagesUITests.xctest; sourceTree = BUILT_PRODUCTS_DIR; };
		20869DAD262E105A00E2F148 /* FlickImagesUITests.swift */ = {isa = PBXFileReference; lastKnownFileType = sourcecode.swift; path = FlickImagesUITests.swift; sourceTree = "<group>"; };
		20869DAF262E105A00E2F148 /* Info.plist */ = {isa = PBXFileReference; lastKnownFileType = text.plist.xml; path = Info.plist; sourceTree = "<group>"; };
		20869DD5262EC73800E2F148 /* PhotosModel.swift */ = {isa = PBXFileReference; lastKnownFileType = sourcecode.swift; path = PhotosModel.swift; sourceTree = "<group>"; };
		20869DDB262EC7CB00E2F148 /* PhotosListViewModel.swift */ = {isa = PBXFileReference; lastKnownFileType = sourcecode.swift; path = PhotosListViewModel.swift; sourceTree = "<group>"; };
		20869DE4262ECE0D00E2F148 /* NetworkService.swift */ = {isa = PBXFileReference; lastKnownFileType = sourcecode.swift; path = NetworkService.swift; sourceTree = "<group>"; };
		20869DEC2630A53F00E2F148 /* PhotoCell.swift */ = {isa = PBXFileReference; lastKnownFileType = sourcecode.swift; path = PhotoCell.swift; sourceTree = "<group>"; };
		20869DF22630A5C100E2F148 /* FlickrImageView.swift */ = {isa = PBXFileReference; lastKnownFileType = sourcecode.swift; path = FlickrImageView.swift; sourceTree = "<group>"; };
		20869E032630B1A000E2F148 /* NetworkErrors.swift */ = {isa = PBXFileReference; lastKnownFileType = sourcecode.swift; path = NetworkErrors.swift; sourceTree = "<group>"; };
		20869E0F2630C16500E2F148 /* FITitleLabel.swift */ = {isa = PBXFileReference; lastKnownFileType = sourcecode.swift; path = FITitleLabel.swift; sourceTree = "<group>"; };
		20869E152630C26E00E2F148 /* UIView+Extension.swift */ = {isa = PBXFileReference; lastKnownFileType = sourcecode.swift; path = "UIView+Extension.swift"; sourceTree = "<group>"; };
		20869E1E2630C81A00E2F148 /* UIHelper.swift */ = {isa = PBXFileReference; lastKnownFileType = sourcecode.swift; path = UIHelper.swift; sourceTree = "<group>"; };
		20869E2D2631643000E2F148 /* APIConstants+Key.swift */ = {isa = PBXFileReference; lastKnownFileType = sourcecode.swift; path = "APIConstants+Key.swift"; sourceTree = "<group>"; };
		20869E3D26316DFE00E2F148 /* FlickrService.swift */ = {isa = PBXFileReference; lastKnownFileType = sourcecode.swift; path = FlickrService.swift; sourceTree = "<group>"; };
		20869E42263180E200E2F148 /* Constants.swift */ = {isa = PBXFileReference; lastKnownFileType = sourcecode.swift; path = Constants.swift; sourceTree = "<group>"; };
		20869E472631AA3500E2F148 /* UIViewController+Extension.swift */ = {isa = PBXFileReference; lastKnownFileType = sourcecode.swift; path = "UIViewController+Extension.swift"; sourceTree = "<group>"; };
		208DEE3D2631BBCA005D63BC /* MainImagesVC+CollectionViewDelegate.swift */ = {isa = PBXFileReference; lastKnownFileType = sourcecode.swift; path = "MainImagesVC+CollectionViewDelegate.swift"; sourceTree = "<group>"; };
		208DEE452631BC1F005D63BC /* MainImagesVC+SearchBarDelegate.swift */ = {isa = PBXFileReference; lastKnownFileType = sourcecode.swift; path = "MainImagesVC+SearchBarDelegate.swift"; sourceTree = "<group>"; };
		208DEE512631D008005D63BC /* CategoriesVC.swift */ = {isa = PBXFileReference; lastKnownFileType = sourcecode.swift; path = CategoriesVC.swift; sourceTree = "<group>"; };
		208DEE592631D11A005D63BC /* CategoriesModel.swift */ = {isa = PBXFileReference; lastKnownFileType = sourcecode.swift; path = CategoriesModel.swift; sourceTree = "<group>"; };
		208DEE5E2631D133005D63BC /* CategoriesViewModel.swift */ = {isa = PBXFileReference; lastKnownFileType = sourcecode.swift; path = CategoriesViewModel.swift; sourceTree = "<group>"; };
		208DEE632631F983005D63BC /* CategoryCell.swift */ = {isa = PBXFileReference; lastKnownFileType = sourcecode.swift; path = CategoryCell.swift; sourceTree = "<group>"; };
		208DEEA7263205C3005D63BC /* CategoryChildsVC.swift */ = {isa = PBXFileReference; lastKnownFileType = sourcecode.swift; path = CategoryChildsVC.swift; sourceTree = "<group>"; };
		208DEEAC26320656005D63BC /* FIBaseTableVC.swift */ = {isa = PBXFileReference; lastKnownFileType = sourcecode.swift; path = FIBaseTableVC.swift; sourceTree = "<group>"; };
		208DEEB126321BBE005D63BC /* CategoryKeywordsVC.swift */ = {isa = PBXFileReference; lastKnownFileType = sourcecode.swift; path = CategoryKeywordsVC.swift; sourceTree = "<group>"; };
		208DEEB8263293AD005D63BC /* Animals.swift */ = {isa = PBXFileReference; lastKnownFileType = sourcecode.swift; path = Animals.swift; sourceTree = "<group>"; };
		208DEEC0263293D1005D63BC /* CategoryProtocols.swift */ = {isa = PBXFileReference; lastKnownFileType = sourcecode.swift; path = CategoryProtocols.swift; sourceTree = "<group>"; };
		208DEEC62632945C005D63BC /* Food.swift */ = {isa = PBXFileReference; lastKnownFileType = sourcecode.swift; path = Food.swift; sourceTree = "<group>"; };
		208DEECF26329AC1005D63BC /* Vehicle.swift */ = {isa = PBXFileReference; lastKnownFileType = sourcecode.swift; path = Vehicle.swift; sourceTree = "<group>"; };
		208DEED826329C7B005D63BC /* Movie.swift */ = {isa = PBXFileReference; lastKnownFileType = sourcecode.swift; path = Movie.swift; sourceTree = "<group>"; };
		208DEEEA2632DBFA005D63BC /* CategoryChildsViewModel.swift */ = {isa = PBXFileReference; lastKnownFileType = sourcecode.swift; path = CategoryChildsViewModel.swift; sourceTree = "<group>"; };
		208DEEEF2632E168005D63BC /* CategoryKeywordsViewModel.swift */ = {isa = PBXFileReference; lastKnownFileType = sourcecode.swift; path = CategoryKeywordsViewModel.swift; sourceTree = "<group>"; };
		208DEF0D263343B5005D63BC /* CategoriesDataSource.swift */ = {isa = PBXFileReference; lastKnownFileType = sourcecode.swift; path = CategoriesDataSource.swift; sourceTree = "<group>"; };
		208DEF2B26341DE1005D63BC /* FlickrRestRequestModel.swift */ = {isa = PBXFileReference; lastKnownFileType = sourcecode.swift; path = FlickrRestRequestModel.swift; sourceTree = "<group>"; };
		208DEF3026341E4C005D63BC /* FlickrAPIMethod.swift */ = {isa = PBXFileReference; lastKnownFileType = sourcecode.swift; path = FlickrAPIMethod.swift; sourceTree = "<group>"; };
		208DEF4726369119005D63BC /* FlickrRestRequest+Tests.swift */ = {isa = PBXFileReference; lastKnownFileType = sourcecode.swift; path = "FlickrRestRequest+Tests.swift"; sourceTree = "<group>"; };
		208DEF4F26369488005D63BC /* FlickrService+Tests.swift */ = {isa = PBXFileReference; lastKnownFileType = sourcecode.swift; path = "FlickrService+Tests.swift"; sourceTree = "<group>"; };
		208DEF542636A452005D63BC /* mockPhotosModel.json */ = {isa = PBXFileReference; fileEncoding = 4; lastKnownFileType = text.json; path = mockPhotosModel.json; sourceTree = "<group>"; };
		208DEF652636AF83005D63BC /* PhotosListViewModel+Tests.swift */ = {isa = PBXFileReference; lastKnownFileType = sourcecode.swift; path = "PhotosListViewModel+Tests.swift"; sourceTree = "<group>"; };
		208DEF6E2636B3D0005D63BC /* CategoriesViewModel+Tests.swift */ = {isa = PBXFileReference; lastKnownFileType = sourcecode.swift; path = "CategoriesViewModel+Tests.swift"; sourceTree = "<group>"; };
		208DEF762636B868005D63BC /* CategoryChildsViewModel+Tests.swift */ = {isa = PBXFileReference; lastKnownFileType = sourcecode.swift; path = "CategoryChildsViewModel+Tests.swift"; sourceTree = "<group>"; };
		208DEF7B2636BAC7005D63BC /* CategoryKeywordsViewModel+Tests.swift */ = {isa = PBXFileReference; lastKnownFileType = sourcecode.swift; path = "CategoryKeywordsViewModel+Tests.swift"; sourceTree = "<group>"; };
		208DEF892636CDE0005D63BC /* CategoriesDataSource+Tests.swift */ = {isa = PBXFileReference; lastKnownFileType = sourcecode.swift; path = "CategoriesDataSource+Tests.swift"; sourceTree = "<group>"; };
		208DEF942637221D005D63BC /* CategoriesDataSourceProtocol.swift */ = {isa = PBXFileReference; lastKnownFileType = sourcecode.swift; path = CategoriesDataSourceProtocol.swift; sourceTree = "<group>"; };
		208DEFA626372FCA005D63BC /* RestRequestProtocol.swift */ = {isa = PBXFileReference; lastKnownFileType = sourcecode.swift; path = RestRequestProtocol.swift; sourceTree = "<group>"; };
		208DEFAE26373001005D63BC /* FlickrServiceProtocol.swift */ = {isa = PBXFileReference; lastKnownFileType = sourcecode.swift; path = FlickrServiceProtocol.swift; sourceTree = "<group>"; };
		208DEFBA26374614005D63BC /* HTTPMethods.swift */ = {isa = PBXFileReference; lastKnownFileType = sourcecode.swift; path = HTTPMethods.swift; sourceTree = "<group>"; };
/* End PBXFileReference section */

/* Begin PBXFrameworksBuildPhase section */
		20869D85262E105800E2F148 /* Frameworks */ = {
			isa = PBXFrameworksBuildPhase;
			buildActionMask = 2147483647;
			files = (
			);
			runOnlyForDeploymentPostprocessing = 0;
		};
		20869D9B262E105A00E2F148 /* Frameworks */ = {
			isa = PBXFrameworksBuildPhase;
			buildActionMask = 2147483647;
			files = (
			);
			runOnlyForDeploymentPostprocessing = 0;
		};
		20869DA6262E105A00E2F148 /* Frameworks */ = {
			isa = PBXFrameworksBuildPhase;
			buildActionMask = 2147483647;
			files = (
			);
			runOnlyForDeploymentPostprocessing = 0;
		};
/* End PBXFrameworksBuildPhase section */

/* Begin PBXGroup section */
		20869D7F262E105800E2F148 = {
			isa = PBXGroup;
			children = (
				20869D8A262E105800E2F148 /* FlickImages */,
				20869DA1262E105A00E2F148 /* FlickImagesTests */,
				20869DAC262E105A00E2F148 /* FlickImagesUITests */,
				20869D89262E105800E2F148 /* Products */,
			);
			sourceTree = "<group>";
		};
		20869D89262E105800E2F148 /* Products */ = {
			isa = PBXGroup;
			children = (
				20869D88262E105800E2F148 /* FlickImages.app */,
				20869D9E262E105A00E2F148 /* FlickImagesTests.xctest */,
				20869DA9262E105A00E2F148 /* FlickImagesUITests.xctest */,
			);
			name = Products;
			sourceTree = "<group>";
		};
		20869D8A262E105800E2F148 /* FlickImages */ = {
			isa = PBXGroup;
			children = (
				20869D8B262E105800E2F148 /* AppDelegate.swift */,
				20869D8D262E105800E2F148 /* SceneDelegate.swift */,
				20869DC1262E112A00E2F148 /* Models */,
				20869DC2262E113100E2F148 /* Views */,
				20869DDA262EC7AB00E2F148 /* ViewModels */,
				20869DC3262E113700E2F148 /* Controllers */,
				20869DE3262ECDF700E2F148 /* Services */,
				20869E142630C23600E2F148 /* Extensions */,
				20869E1D2630C80500E2F148 /* Utilities */,
				20869D94262E105A00E2F148 /* Assets.xcassets */,
				20869D96262E105A00E2F148 /* LaunchScreen.storyboard */,
				20869D99262E105A00E2F148 /* Info.plist */,
			);
			path = FlickImages;
			sourceTree = "<group>";
		};
		20869DA1262E105A00E2F148 /* FlickImagesTests */ = {
			isa = PBXGroup;
			children = (
				208DEF642636AF64005D63BC /* ViewModels */,
				208DEF46263690D9005D63BC /* Networking */,
				208DEF542636A452005D63BC /* mockPhotosModel.json */,
				20869DA4262E105A00E2F148 /* Info.plist */,
			);
			path = FlickImagesTests;
			sourceTree = "<group>";
		};
		20869DAC262E105A00E2F148 /* FlickImagesUITests */ = {
			isa = PBXGroup;
			children = (
				20869DAD262E105A00E2F148 /* FlickImagesUITests.swift */,
				20869DAF262E105A00E2F148 /* Info.plist */,
			);
			path = FlickImagesUITests;
			sourceTree = "<group>";
		};
		20869DC1262E112A00E2F148 /* Models */ = {
			isa = PBXGroup;
			children = (
				208DEF992637225B005D63BC /* PhotoSearch */,
				208DEEB626329371005D63BC /* Categories */,
				208DEF9A2637228B005D63BC /* ModelProtocols */,
			);
			path = Models;
			sourceTree = "<group>";
		};
		20869DC2262E113100E2F148 /* Views */ = {
			isa = PBXGroup;
			children = (
				20869E512631AECB00E2F148 /* Cells */,
				20869E0B2630C0E500E2F148 /* Labels */,
				20869DF12630A5A400E2F148 /* Images */,
			);
			path = Views;
			sourceTree = "<group>";
		};
		20869DC3262E113700E2F148 /* Controllers */ = {
			isa = PBXGroup;
			children = (
				208DEE502631CFDA005D63BC /* Categories */,
				208DEE3C2631BB79005D63BC /* Main */,
				208DEEAC26320656005D63BC /* FIBaseTableVC.swift */,
			);
			path = Controllers;
			sourceTree = "<group>";
		};
		20869DDA262EC7AB00E2F148 /* ViewModels */ = {
			isa = PBXGroup;
			children = (
				208DEF872636CD74005D63BC /* PhotosSearch */,
				208DEF1B2633663D005D63BC /* DataSource */,
				208DEEE92632DBD7005D63BC /* Categorizes */,
				208DEF9B263722AF005D63BC /* ViewModelProtocols */,
			);
			path = ViewModels;
			sourceTree = "<group>";
		};
		20869DE3262ECDF700E2F148 /* Services */ = {
			isa = PBXGroup;
			children = (
				208DEFA526372F8B005D63BC /* ServicesProtocols */,
				20869E392631673100E2F148 /* APIConstants */,
				20869E382631671200E2F148 /* Network */,
				20869E3D26316DFE00E2F148 /* FlickrService.swift */,
				208DEF2B26341DE1005D63BC /* FlickrRestRequestModel.swift */,
				208DEF3026341E4C005D63BC /* FlickrAPIMethod.swift */,
			);
			path = Services;
			sourceTree = "<group>";
		};
		20869DF12630A5A400E2F148 /* Images */ = {
			isa = PBXGroup;
			children = (
				20869DF22630A5C100E2F148 /* FlickrImageView.swift */,
			);
			path = Images;
			sourceTree = "<group>";
		};
		20869E0B2630C0E500E2F148 /* Labels */ = {
			isa = PBXGroup;
			children = (
				20869E0F2630C16500E2F148 /* FITitleLabel.swift */,
			);
			path = Labels;
			sourceTree = "<group>";
		};
		20869E142630C23600E2F148 /* Extensions */ = {
			isa = PBXGroup;
			children = (
				20869E152630C26E00E2F148 /* UIView+Extension.swift */,
				20869E472631AA3500E2F148 /* UIViewController+Extension.swift */,
			);
			path = Extensions;
			sourceTree = "<group>";
		};
		20869E1D2630C80500E2F148 /* Utilities */ = {
			isa = PBXGroup;
			children = (
				20869E1E2630C81A00E2F148 /* UIHelper.swift */,
				20869E42263180E200E2F148 /* Constants.swift */,
			);
			path = Utilities;
			sourceTree = "<group>";
		};
		20869E382631671200E2F148 /* Network */ = {
			isa = PBXGroup;
			children = (
				208DEFB92637455E005D63BC /* Protocols */,
				20869DE4262ECE0D00E2F148 /* NetworkService.swift */,
				20869E032630B1A000E2F148 /* NetworkErrors.swift */,
				208DEFBA26374614005D63BC /* HTTPMethods.swift */,
			);
			path = Network;
			sourceTree = "<group>";
		};
		20869E392631673100E2F148 /* APIConstants */ = {
			isa = PBXGroup;
			children = (
				20869E2D2631643000E2F148 /* APIConstants+Key.swift */,
			);
			path = APIConstants;
			sourceTree = "<group>";
		};
		20869E512631AECB00E2F148 /* Cells */ = {
			isa = PBXGroup;
			children = (
				20869DEC2630A53F00E2F148 /* PhotoCell.swift */,
				208DEE632631F983005D63BC /* CategoryCell.swift */,
			);
			path = Cells;
			sourceTree = "<group>";
		};
		208DEE3C2631BB79005D63BC /* Main */ = {
			isa = PBXGroup;
			children = (
				20869D8F262E105800E2F148 /* MainImagesVC.swift */,
				208DEE3D2631BBCA005D63BC /* MainImagesVC+CollectionViewDelegate.swift */,
				208DEE452631BC1F005D63BC /* MainImagesVC+SearchBarDelegate.swift */,
			);
			path = Main;
			sourceTree = "<group>";
		};
		208DEE502631CFDA005D63BC /* Categories */ = {
			isa = PBXGroup;
			children = (
				208DEE512631D008005D63BC /* CategoriesVC.swift */,
				208DEEA7263205C3005D63BC /* CategoryChildsVC.swift */,
				208DEEB126321BBE005D63BC /* CategoryKeywordsVC.swift */,
			);
			path = Categories;
			sourceTree = "<group>";
		};
		208DEEB626329371005D63BC /* Categories */ = {
			isa = PBXGroup;
			children = (
				208DEE592631D11A005D63BC /* CategoriesModel.swift */,
				208DEEB72632938A005D63BC /* Animals */,
				208DEEC526329441005D63BC /* Food */,
				208DEED726329C4B005D63BC /* Movie */,
				208DEECE26329A8C005D63BC /* Vehicle */,
			);
			path = Categories;
			sourceTree = "<group>";
		};
		208DEEB72632938A005D63BC /* Animals */ = {
			isa = PBXGroup;
			children = (
				208DEEB8263293AD005D63BC /* Animals.swift */,
			);
			path = Animals;
			sourceTree = "<group>";
		};
		208DEEC526329441005D63BC /* Food */ = {
			isa = PBXGroup;
			children = (
				208DEEC62632945C005D63BC /* Food.swift */,
			);
			path = Food;
			sourceTree = "<group>";
		};
		208DEECE26329A8C005D63BC /* Vehicle */ = {
			isa = PBXGroup;
			children = (
				208DEECF26329AC1005D63BC /* Vehicle.swift */,
			);
			path = Vehicle;
			sourceTree = "<group>";
		};
		208DEED726329C4B005D63BC /* Movie */ = {
			isa = PBXGroup;
			children = (
				208DEED826329C7B005D63BC /* Movie.swift */,
			);
			path = Movie;
			sourceTree = "<group>";
		};
		208DEEE92632DBD7005D63BC /* Categorizes */ = {
			isa = PBXGroup;
			children = (
				208DEE5E2631D133005D63BC /* CategoriesViewModel.swift */,
				208DEEEA2632DBFA005D63BC /* CategoryChildsViewModel.swift */,
				208DEEEF2632E168005D63BC /* CategoryKeywordsViewModel.swift */,
			);
			path = Categorizes;
			sourceTree = "<group>";
		};
		208DEF1B2633663D005D63BC /* DataSource */ = {
			isa = PBXGroup;
			children = (
				208DEF0D263343B5005D63BC /* CategoriesDataSource.swift */,
			);
			path = DataSource;
			sourceTree = "<group>";
		};
		208DEF46263690D9005D63BC /* Networking */ = {
			isa = PBXGroup;
			children = (
				208DEF4726369119005D63BC /* FlickrRestRequest+Tests.swift */,
				208DEF4F26369488005D63BC /* FlickrService+Tests.swift */,
			);
			path = Networking;
			sourceTree = "<group>";
		};
		208DEF642636AF64005D63BC /* ViewModels */ = {
			isa = PBXGroup;
			children = (
				208DEF882636CD96005D63BC /* PhotosSearch */,
				208DEF6D2636B33E005D63BC /* Categories */,
				208DEF862636CD31005D63BC /* DataSource */,
			);
			path = ViewModels;
			sourceTree = "<group>";
		};
		208DEF6D2636B33E005D63BC /* Categories */ = {
			isa = PBXGroup;
			children = (
				208DEF6E2636B3D0005D63BC /* CategoriesViewModel+Tests.swift */,
				208DEF762636B868005D63BC /* CategoryChildsViewModel+Tests.swift */,
				208DEF7B2636BAC7005D63BC /* CategoryKeywordsViewModel+Tests.swift */,
			);
			path = Categories;
			sourceTree = "<group>";
		};
		208DEF862636CD31005D63BC /* DataSource */ = {
			isa = PBXGroup;
			children = (
				208DEF892636CDE0005D63BC /* CategoriesDataSource+Tests.swift */,
			);
			path = DataSource;
			sourceTree = "<group>";
		};
		208DEF872636CD74005D63BC /* PhotosSearch */ = {
			isa = PBXGroup;
			children = (
				20869DDB262EC7CB00E2F148 /* PhotosListViewModel.swift */,
			);
			path = PhotosSearch;
			sourceTree = "<group>";
		};
		208DEF882636CD96005D63BC /* PhotosSearch */ = {
			isa = PBXGroup;
			children = (
				208DEF652636AF83005D63BC /* PhotosListViewModel+Tests.swift */,
			);
			path = PhotosSearch;
			sourceTree = "<group>";
		};
		208DEF992637225B005D63BC /* PhotoSearch */ = {
			isa = PBXGroup;
			children = (
				20869DD5262EC73800E2F148 /* PhotosModel.swift */,
			);
			path = PhotoSearch;
			sourceTree = "<group>";
		};
		208DEF9A2637228B005D63BC /* ModelProtocols */ = {
			isa = PBXGroup;
			children = (
				208DEEC0263293D1005D63BC /* CategoryProtocols.swift */,
			);
			path = ModelProtocols;
			sourceTree = "<group>";
		};
		208DEF9B263722AF005D63BC /* ViewModelProtocols */ = {
			isa = PBXGroup;
			children = (
				208DEF942637221D005D63BC /* CategoriesDataSourceProtocol.swift */,
			);
			path = ViewModelProtocols;
			sourceTree = "<group>";
		};
		208DEFA526372F8B005D63BC /* ServicesProtocols */ = {
			isa = PBXGroup;
			children = (
				208DEFAE26373001005D63BC /* FlickrServiceProtocol.swift */,
			);
			path = ServicesProtocols;
			sourceTree = "<group>";
		};
		208DEFB92637455E005D63BC /* Protocols */ = {
			isa = PBXGroup;
			children = (
				208DEFA626372FCA005D63BC /* RestRequestProtocol.swift */,
			);
			path = Protocols;
			sourceTree = "<group>";
		};
/* End PBXGroup section */

/* Begin PBXNativeTarget section */
		20869D87262E105800E2F148 /* FlickImages */ = {
			isa = PBXNativeTarget;
			buildConfigurationList = 20869DB2262E105A00E2F148 /* Build configuration list for PBXNativeTarget "FlickImages" */;
			buildPhases = (
				20869D84262E105800E2F148 /* Sources */,
				20869D85262E105800E2F148 /* Frameworks */,
				20869D86262E105800E2F148 /* Resources */,
			);
			buildRules = (
			);
			dependencies = (
			);
			name = FlickImages;
			productName = FlickImages;
			productReference = 20869D88262E105800E2F148 /* FlickImages.app */;
			productType = "com.apple.product-type.application";
		};
		20869D9D262E105A00E2F148 /* FlickImagesTests */ = {
			isa = PBXNativeTarget;
			buildConfigurationList = 20869DB5262E105A00E2F148 /* Build configuration list for PBXNativeTarget "FlickImagesTests" */;
			buildPhases = (
				20869D9A262E105A00E2F148 /* Sources */,
				20869D9B262E105A00E2F148 /* Frameworks */,
				20869D9C262E105A00E2F148 /* Resources */,
			);
			buildRules = (
			);
			dependencies = (
				20869DA0262E105A00E2F148 /* PBXTargetDependency */,
			);
			name = FlickImagesTests;
			productName = FlickImagesTests;
			productReference = 20869D9E262E105A00E2F148 /* FlickImagesTests.xctest */;
			productType = "com.apple.product-type.bundle.unit-test";
		};
		20869DA8262E105A00E2F148 /* FlickImagesUITests */ = {
			isa = PBXNativeTarget;
			buildConfigurationList = 20869DB8262E105A00E2F148 /* Build configuration list for PBXNativeTarget "FlickImagesUITests" */;
			buildPhases = (
				20869DA5262E105A00E2F148 /* Sources */,
				20869DA6262E105A00E2F148 /* Frameworks */,
				20869DA7262E105A00E2F148 /* Resources */,
			);
			buildRules = (
			);
			dependencies = (
				20869DAB262E105A00E2F148 /* PBXTargetDependency */,
			);
			name = FlickImagesUITests;
			productName = FlickImagesUITests;
			productReference = 20869DA9262E105A00E2F148 /* FlickImagesUITests.xctest */;
			productType = "com.apple.product-type.bundle.ui-testing";
		};
/* End PBXNativeTarget section */

/* Begin PBXProject section */
		20869D80262E105800E2F148 /* Project object */ = {
			isa = PBXProject;
			attributes = {
				LastSwiftUpdateCheck = 1240;
				LastUpgradeCheck = 1240;
				TargetAttributes = {
					20869D87262E105800E2F148 = {
						CreatedOnToolsVersion = 12.4;
					};
					20869D9D262E105A00E2F148 = {
						CreatedOnToolsVersion = 12.4;
						TestTargetID = 20869D87262E105800E2F148;
					};
					20869DA8262E105A00E2F148 = {
						CreatedOnToolsVersion = 12.4;
						TestTargetID = 20869D87262E105800E2F148;
					};
				};
			};
			buildConfigurationList = 20869D83262E105800E2F148 /* Build configuration list for PBXProject "FlickImages" */;
			compatibilityVersion = "Xcode 9.3";
			developmentRegion = en;
			hasScannedForEncodings = 0;
			knownRegions = (
				en,
				Base,
			);
			mainGroup = 20869D7F262E105800E2F148;
			productRefGroup = 20869D89262E105800E2F148 /* Products */;
			projectDirPath = "";
			projectRoot = "";
			targets = (
				20869D87262E105800E2F148 /* FlickImages */,
				20869D9D262E105A00E2F148 /* FlickImagesTests */,
				20869DA8262E105A00E2F148 /* FlickImagesUITests */,
			);
		};
/* End PBXProject section */

/* Begin PBXResourcesBuildPhase section */
		20869D86262E105800E2F148 /* Resources */ = {
			isa = PBXResourcesBuildPhase;
			buildActionMask = 2147483647;
			files = (
				20869D98262E105A00E2F148 /* LaunchScreen.storyboard in Resources */,
				20869D95262E105A00E2F148 /* Assets.xcassets in Resources */,
			);
			runOnlyForDeploymentPostprocessing = 0;
		};
		20869D9C262E105A00E2F148 /* Resources */ = {
			isa = PBXResourcesBuildPhase;
			buildActionMask = 2147483647;
			files = (
				208DEF552636A453005D63BC /* mockPhotosModel.json in Resources */,
			);
			runOnlyForDeploymentPostprocessing = 0;
		};
		20869DA7262E105A00E2F148 /* Resources */ = {
			isa = PBXResourcesBuildPhase;
			buildActionMask = 2147483647;
			files = (
			);
			runOnlyForDeploymentPostprocessing = 0;
		};
/* End PBXResourcesBuildPhase section */

/* Begin PBXSourcesBuildPhase section */
		20869D84262E105800E2F148 /* Sources */ = {
			isa = PBXSourcesBuildPhase;
			buildActionMask = 2147483647;
			files = (
				20869E482631AA3500E2F148 /* UIViewController+Extension.swift in Sources */,
				208DEEB9263293AD005D63BC /* Animals.swift in Sources */,
				208DEE3E2631BBCA005D63BC /* MainImagesVC+CollectionViewDelegate.swift in Sources */,
				20869E162630C26E00E2F148 /* UIView+Extension.swift in Sources */,
				208DEF0E263343B5005D63BC /* CategoriesDataSource.swift in Sources */,
				208DEEB226321BBE005D63BC /* CategoryKeywordsVC.swift in Sources */,
				208DEE5F2631D133005D63BC /* CategoriesViewModel.swift in Sources */,
				208DEE642631F983005D63BC /* CategoryCell.swift in Sources */,
				20869E102630C16500E2F148 /* FITitleLabel.swift in Sources */,
				208DEF3126341E4C005D63BC /* FlickrAPIMethod.swift in Sources */,
				208DEF2C26341DE1005D63BC /* FlickrRestRequestModel.swift in Sources */,
				20869DED2630A53F00E2F148 /* PhotoCell.swift in Sources */,
				20869DD6262EC73800E2F148 /* PhotosModel.swift in Sources */,
				20869DF32630A5C100E2F148 /* FlickrImageView.swift in Sources */,
				208DEEAD26320656005D63BC /* FIBaseTableVC.swift in Sources */,
				20869E43263180E200E2F148 /* Constants.swift in Sources */,
				208DEEA8263205C3005D63BC /* CategoryChildsVC.swift in Sources */,
				208DEED926329C7B005D63BC /* Movie.swift in Sources */,
				208DEFAF26373001005D63BC /* FlickrServiceProtocol.swift in Sources */,
				208DEE522631D008005D63BC /* CategoriesVC.swift in Sources */,
				208DEE462631BC1F005D63BC /* MainImagesVC+SearchBarDelegate.swift in Sources */,
				208DEF952637221D005D63BC /* CategoriesDataSourceProtocol.swift in Sources */,
				20869D90262E105800E2F148 /* MainImagesVC.swift in Sources */,
				20869DDC262EC7CB00E2F148 /* PhotosListViewModel.swift in Sources */,
				208DEED026329AC1005D63BC /* Vehicle.swift in Sources */,
				20869D8C262E105800E2F148 /* AppDelegate.swift in Sources */,
				208DEEEB2632DBFA005D63BC /* CategoryChildsViewModel.swift in Sources */,
				20869E3E26316DFE00E2F148 /* FlickrService.swift in Sources */,
				208DEE5A2631D11A005D63BC /* CategoriesModel.swift in Sources */,
				208DEEC72632945C005D63BC /* Food.swift in Sources */,
				20869E2E2631643000E2F148 /* APIConstants+Key.swift in Sources */,
				20869DE5262ECE0D00E2F148 /* NetworkService.swift in Sources */,
				208DEFBB26374614005D63BC /* HTTPMethods.swift in Sources */,
				20869E042630B1A000E2F148 /* NetworkErrors.swift in Sources */,
				208DEEF02632E168005D63BC /* CategoryKeywordsViewModel.swift in Sources */,
				20869D8E262E105800E2F148 /* SceneDelegate.swift in Sources */,
				208DEFA726372FCA005D63BC /* RestRequestProtocol.swift in Sources */,
				20869E1F2630C81A00E2F148 /* UIHelper.swift in Sources */,
				208DEEC1263293D1005D63BC /* CategoryProtocols.swift in Sources */,
			);
			runOnlyForDeploymentPostprocessing = 0;
		};
		20869D9A262E105A00E2F148 /* Sources */ = {
			isa = PBXSourcesBuildPhase;
			buildActionMask = 2147483647;
			files = (
				208DEF772636B868005D63BC /* CategoryChildsViewModel+Tests.swift in Sources */,
				208DEF5026369488005D63BC /* FlickrService+Tests.swift in Sources */,
				208DEF662636AF83005D63BC /* PhotosListViewModel+Tests.swift in Sources */,
				208DEF4826369119005D63BC /* FlickrRestRequest+Tests.swift in Sources */,
				208DEF6F2636B3D0005D63BC /* CategoriesViewModel+Tests.swift in Sources */,
				208DEF7C2636BAC7005D63BC /* CategoryKeywordsViewModel+Tests.swift in Sources */,
				208DEF8A2636CDE0005D63BC /* CategoriesDataSource+Tests.swift in Sources */,
			);
			runOnlyForDeploymentPostprocessing = 0;
		};
		20869DA5262E105A00E2F148 /* Sources */ = {
			isa = PBXSourcesBuildPhase;
			buildActionMask = 2147483647;
			files = (
				20869DAE262E105A00E2F148 /* FlickImagesUITests.swift in Sources */,
			);
			runOnlyForDeploymentPostprocessing = 0;
		};
/* End PBXSourcesBuildPhase section */

/* Begin PBXTargetDependency section */
		20869DA0262E105A00E2F148 /* PBXTargetDependency */ = {
			isa = PBXTargetDependency;
			target = 20869D87262E105800E2F148 /* FlickImages */;
			targetProxy = 20869D9F262E105A00E2F148 /* PBXContainerItemProxy */;
		};
		20869DAB262E105A00E2F148 /* PBXTargetDependency */ = {
			isa = PBXTargetDependency;
			target = 20869D87262E105800E2F148 /* FlickImages */;
			targetProxy = 20869DAA262E105A00E2F148 /* PBXContainerItemProxy */;
		};
/* End PBXTargetDependency section */

/* Begin PBXVariantGroup section */
		20869D96262E105A00E2F148 /* LaunchScreen.storyboard */ = {
			isa = PBXVariantGroup;
			children = (
				20869D97262E105A00E2F148 /* Base */,
			);
			name = LaunchScreen.storyboard;
			sourceTree = "<group>";
		};
/* End PBXVariantGroup section */

/* Begin XCBuildConfiguration section */
		20869DB0262E105A00E2F148 /* Debug */ = {
			isa = XCBuildConfiguration;
			buildSettings = {
				ALWAYS_SEARCH_USER_PATHS = NO;
				CLANG_ANALYZER_NONNULL = YES;
				CLANG_ANALYZER_NUMBER_OBJECT_CONVERSION = YES_AGGRESSIVE;
				CLANG_CXX_LANGUAGE_STANDARD = "gnu++14";
				CLANG_CXX_LIBRARY = "libc++";
				CLANG_ENABLE_MODULES = YES;
				CLANG_ENABLE_OBJC_ARC = YES;
				CLANG_ENABLE_OBJC_WEAK = YES;
				CLANG_WARN_BLOCK_CAPTURE_AUTORELEASING = YES;
				CLANG_WARN_BOOL_CONVERSION = YES;
				CLANG_WARN_COMMA = YES;
				CLANG_WARN_CONSTANT_CONVERSION = YES;
				CLANG_WARN_DEPRECATED_OBJC_IMPLEMENTATIONS = YES;
				CLANG_WARN_DIRECT_OBJC_ISA_USAGE = YES_ERROR;
				CLANG_WARN_DOCUMENTATION_COMMENTS = YES;
				CLANG_WARN_EMPTY_BODY = YES;
				CLANG_WARN_ENUM_CONVERSION = YES;
				CLANG_WARN_INFINITE_RECURSION = YES;
				CLANG_WARN_INT_CONVERSION = YES;
				CLANG_WARN_NON_LITERAL_NULL_CONVERSION = YES;
				CLANG_WARN_OBJC_IMPLICIT_RETAIN_SELF = YES;
				CLANG_WARN_OBJC_LITERAL_CONVERSION = YES;
				CLANG_WARN_OBJC_ROOT_CLASS = YES_ERROR;
				CLANG_WARN_QUOTED_INCLUDE_IN_FRAMEWORK_HEADER = YES;
				CLANG_WARN_RANGE_LOOP_ANALYSIS = YES;
				CLANG_WARN_STRICT_PROTOTYPES = YES;
				CLANG_WARN_SUSPICIOUS_MOVE = YES;
				CLANG_WARN_UNGUARDED_AVAILABILITY = YES_AGGRESSIVE;
				CLANG_WARN_UNREACHABLE_CODE = YES;
				CLANG_WARN__DUPLICATE_METHOD_MATCH = YES;
				COPY_PHASE_STRIP = NO;
				DEBUG_INFORMATION_FORMAT = dwarf;
				ENABLE_STRICT_OBJC_MSGSEND = YES;
				ENABLE_TESTABILITY = YES;
				GCC_C_LANGUAGE_STANDARD = gnu11;
				GCC_DYNAMIC_NO_PIC = NO;
				GCC_NO_COMMON_BLOCKS = YES;
				GCC_OPTIMIZATION_LEVEL = 0;
				GCC_PREPROCESSOR_DEFINITIONS = (
					"DEBUG=1",
					"$(inherited)",
				);
				GCC_WARN_64_TO_32_BIT_CONVERSION = YES;
				GCC_WARN_ABOUT_RETURN_TYPE = YES_ERROR;
				GCC_WARN_UNDECLARED_SELECTOR = YES;
				GCC_WARN_UNINITIALIZED_AUTOS = YES_AGGRESSIVE;
				GCC_WARN_UNUSED_FUNCTION = YES;
				GCC_WARN_UNUSED_VARIABLE = YES;
				IPHONEOS_DEPLOYMENT_TARGET = 13.0;
				MTL_ENABLE_DEBUG_INFO = INCLUDE_SOURCE;
				MTL_FAST_MATH = YES;
				ONLY_ACTIVE_ARCH = YES;
				SDKROOT = iphoneos;
				SWIFT_ACTIVE_COMPILATION_CONDITIONS = DEBUG;
				SWIFT_OPTIMIZATION_LEVEL = "-Onone";
			};
			name = Debug;
		};
		20869DB1262E105A00E2F148 /* Release */ = {
			isa = XCBuildConfiguration;
			buildSettings = {
				ALWAYS_SEARCH_USER_PATHS = NO;
				CLANG_ANALYZER_NONNULL = YES;
				CLANG_ANALYZER_NUMBER_OBJECT_CONVERSION = YES_AGGRESSIVE;
				CLANG_CXX_LANGUAGE_STANDARD = "gnu++14";
				CLANG_CXX_LIBRARY = "libc++";
				CLANG_ENABLE_MODULES = YES;
				CLANG_ENABLE_OBJC_ARC = YES;
				CLANG_ENABLE_OBJC_WEAK = YES;
				CLANG_WARN_BLOCK_CAPTURE_AUTORELEASING = YES;
				CLANG_WARN_BOOL_CONVERSION = YES;
				CLANG_WARN_COMMA = YES;
				CLANG_WARN_CONSTANT_CONVERSION = YES;
				CLANG_WARN_DEPRECATED_OBJC_IMPLEMENTATIONS = YES;
				CLANG_WARN_DIRECT_OBJC_ISA_USAGE = YES_ERROR;
				CLANG_WARN_DOCUMENTATION_COMMENTS = YES;
				CLANG_WARN_EMPTY_BODY = YES;
				CLANG_WARN_ENUM_CONVERSION = YES;
				CLANG_WARN_INFINITE_RECURSION = YES;
				CLANG_WARN_INT_CONVERSION = YES;
				CLANG_WARN_NON_LITERAL_NULL_CONVERSION = YES;
				CLANG_WARN_OBJC_IMPLICIT_RETAIN_SELF = YES;
				CLANG_WARN_OBJC_LITERAL_CONVERSION = YES;
				CLANG_WARN_OBJC_ROOT_CLASS = YES_ERROR;
				CLANG_WARN_QUOTED_INCLUDE_IN_FRAMEWORK_HEADER = YES;
				CLANG_WARN_RANGE_LOOP_ANALYSIS = YES;
				CLANG_WARN_STRICT_PROTOTYPES = YES;
				CLANG_WARN_SUSPICIOUS_MOVE = YES;
				CLANG_WARN_UNGUARDED_AVAILABILITY = YES_AGGRESSIVE;
				CLANG_WARN_UNREACHABLE_CODE = YES;
				CLANG_WARN__DUPLICATE_METHOD_MATCH = YES;
				COPY_PHASE_STRIP = NO;
				DEBUG_INFORMATION_FORMAT = "dwarf-with-dsym";
				ENABLE_NS_ASSERTIONS = NO;
				ENABLE_STRICT_OBJC_MSGSEND = YES;
				GCC_C_LANGUAGE_STANDARD = gnu11;
				GCC_NO_COMMON_BLOCKS = YES;
				GCC_WARN_64_TO_32_BIT_CONVERSION = YES;
				GCC_WARN_ABOUT_RETURN_TYPE = YES_ERROR;
				GCC_WARN_UNDECLARED_SELECTOR = YES;
				GCC_WARN_UNINITIALIZED_AUTOS = YES_AGGRESSIVE;
				GCC_WARN_UNUSED_FUNCTION = YES;
				GCC_WARN_UNUSED_VARIABLE = YES;
				IPHONEOS_DEPLOYMENT_TARGET = 13.0;
				MTL_ENABLE_DEBUG_INFO = NO;
				MTL_FAST_MATH = YES;
				SDKROOT = iphoneos;
				SWIFT_COMPILATION_MODE = wholemodule;
				SWIFT_OPTIMIZATION_LEVEL = "-O";
				VALIDATE_PRODUCT = YES;
			};
			name = Release;
		};
		20869DB3262E105A00E2F148 /* Debug */ = {
			isa = XCBuildConfiguration;
			buildSettings = {
				ASSETCATALOG_COMPILER_APPICON_NAME = AppIcon;
				ASSETCATALOG_COMPILER_GLOBAL_ACCENT_COLOR_NAME = AccentColor;
				CODE_SIGN_STYLE = Automatic;
				DEVELOPMENT_TEAM = ARM9KE6EQA;
				INFOPLIST_FILE = FlickImages/Info.plist;
				LD_RUNPATH_SEARCH_PATHS = (
					"$(inherited)",
					"@executable_path/Frameworks",
				);
				PRODUCT_BUNDLE_IDENTIFIER = com.hoang.FlickImages;
				PRODUCT_NAME = "$(TARGET_NAME)";
				SWIFT_VERSION = 5.0;
				TARGETED_DEVICE_FAMILY = "1,2";
			};
			name = Debug;
		};
		20869DB4262E105A00E2F148 /* Release */ = {
			isa = XCBuildConfiguration;
			buildSettings = {
				ASSETCATALOG_COMPILER_APPICON_NAME = AppIcon;
				ASSETCATALOG_COMPILER_GLOBAL_ACCENT_COLOR_NAME = AccentColor;
				CODE_SIGN_STYLE = Automatic;
				DEVELOPMENT_TEAM = ARM9KE6EQA;
				INFOPLIST_FILE = FlickImages/Info.plist;
				LD_RUNPATH_SEARCH_PATHS = (
					"$(inherited)",
					"@executable_path/Frameworks",
				);
				PRODUCT_BUNDLE_IDENTIFIER = com.hoang.FlickImages;
				PRODUCT_NAME = "$(TARGET_NAME)";
				SWIFT_VERSION = 5.0;
				TARGETED_DEVICE_FAMILY = "1,2";
			};
			name = Release;
		};
		20869DB6262E105A00E2F148 /* Debug */ = {
			isa = XCBuildConfiguration;
			buildSettings = {
				ALWAYS_EMBED_SWIFT_STANDARD_LIBRARIES = YES;
				BUNDLE_LOADER = "$(TEST_HOST)";
				CODE_SIGN_STYLE = Automatic;
				DEVELOPMENT_TEAM = ARM9KE6EQA;
				INFOPLIST_FILE = FlickImagesTests/Info.plist;
				IPHONEOS_DEPLOYMENT_TARGET = 14.4;
				LD_RUNPATH_SEARCH_PATHS = (
					"$(inherited)",
					"@executable_path/Frameworks",
					"@loader_path/Frameworks",
				);
				PRODUCT_BUNDLE_IDENTIFIER = com.hoang.FlickImagesTests;
				PRODUCT_NAME = "$(TARGET_NAME)";
				SWIFT_VERSION = 5.0;
				TARGETED_DEVICE_FAMILY = "1,2";
				TEST_HOST = "$(BUILT_PRODUCTS_DIR)/FlickImages.app/FlickImages";
			};
			name = Debug;
		};
		20869DB7262E105A00E2F148 /* Release */ = {
			isa = XCBuildConfiguration;
			buildSettings = {
				ALWAYS_EMBED_SWIFT_STANDARD_LIBRARIES = YES;
				BUNDLE_LOADER = "$(TEST_HOST)";
				CODE_SIGN_STYLE = Automatic;
				DEVELOPMENT_TEAM = ARM9KE6EQA;
				INFOPLIST_FILE = FlickImagesTests/Info.plist;
				IPHONEOS_DEPLOYMENT_TARGET = 14.4;
				LD_RUNPATH_SEARCH_PATHS = (
					"$(inherited)",
					"@executable_path/Frameworks",
					"@loader_path/Frameworks",
				);
				PRODUCT_BUNDLE_IDENTIFIER = com.hoang.FlickImagesTests;
				PRODUCT_NAME = "$(TARGET_NAME)";
				SWIFT_VERSION = 5.0;
				TARGETED_DEVICE_FAMILY = "1,2";
				TEST_HOST = "$(BUILT_PRODUCTS_DIR)/FlickImages.app/FlickImages";
			};
			name = Release;
		};
		20869DB9262E105A00E2F148 /* Debug */ = {
			isa = XCBuildConfiguration;
			buildSettings = {
				ALWAYS_EMBED_SWIFT_STANDARD_LIBRARIES = YES;
				CODE_SIGN_STYLE = Automatic;
				DEVELOPMENT_TEAM = ARM9KE6EQA;
				INFOPLIST_FILE = FlickImagesUITests/Info.plist;
				LD_RUNPATH_SEARCH_PATHS = (
					"$(inherited)",
					"@executable_path/Frameworks",
					"@loader_path/Frameworks",
				);
				PRODUCT_BUNDLE_IDENTIFIER = com.hoang.FlickImagesUITests;
				PRODUCT_NAME = "$(TARGET_NAME)";
				SWIFT_VERSION = 5.0;
				TARGETED_DEVICE_FAMILY = "1,2";
				TEST_TARGET_NAME = FlickImages;
			};
			name = Debug;
		};
		20869DBA262E105A00E2F148 /* Release */ = {
			isa = XCBuildConfiguration;
			buildSettings = {
				ALWAYS_EMBED_SWIFT_STANDARD_LIBRARIES = YES;
				CODE_SIGN_STYLE = Automatic;
				DEVELOPMENT_TEAM = ARM9KE6EQA;
				INFOPLIST_FILE = FlickImagesUITests/Info.plist;
				LD_RUNPATH_SEARCH_PATHS = (
					"$(inherited)",
					"@executable_path/Frameworks",
					"@loader_path/Frameworks",
				);
				PRODUCT_BUNDLE_IDENTIFIER = com.hoang.FlickImagesUITests;
				PRODUCT_NAME = "$(TARGET_NAME)";
				SWIFT_VERSION = 5.0;
				TARGETED_DEVICE_FAMILY = "1,2";
				TEST_TARGET_NAME = FlickImages;
			};
			name = Release;
		};
/* End XCBuildConfiguration section */

/* Begin XCConfigurationList section */
		20869D83262E105800E2F148 /* Build configuration list for PBXProject "FlickImages" */ = {
			isa = XCConfigurationList;
			buildConfigurations = (
				20869DB0262E105A00E2F148 /* Debug */,
				20869DB1262E105A00E2F148 /* Release */,
			);
			defaultConfigurationIsVisible = 0;
			defaultConfigurationName = Release;
		};
		20869DB2262E105A00E2F148 /* Build configuration list for PBXNativeTarget "FlickImages" */ = {
			isa = XCConfigurationList;
			buildConfigurations = (
				20869DB3262E105A00E2F148 /* Debug */,
				20869DB4262E105A00E2F148 /* Release */,
			);
			defaultConfigurationIsVisible = 0;
			defaultConfigurationName = Release;
		};
		20869DB5262E105A00E2F148 /* Build configuration list for PBXNativeTarget "FlickImagesTests" */ = {
			isa = XCConfigurationList;
			buildConfigurations = (
				20869DB6262E105A00E2F148 /* Debug */,
				20869DB7262E105A00E2F148 /* Release */,
			);
			defaultConfigurationIsVisible = 0;
			defaultConfigurationName = Release;
		};
		20869DB8262E105A00E2F148 /* Build configuration list for PBXNativeTarget "FlickImagesUITests" */ = {
			isa = XCConfigurationList;
			buildConfigurations = (
				20869DB9262E105A00E2F148 /* Debug */,
				20869DBA262E105A00E2F148 /* Release */,
			);
			defaultConfigurationIsVisible = 0;
			defaultConfigurationName = Release;
		};
/* End XCConfigurationList section */
	};
	rootObject = 20869D80262E105800E2F148 /* Project object */;
}
